<?xml version="1.0" encoding="UTF-8" standalone="yes" ?>
<CodeBlocks_project_file>
	<FileVersion major="1" minor="6" />
	<Project>
		<Option title="MotorBaseDatos" />
		<Option pch_mode="2" />
		<Option compiler="gcc" />
		<Build>
			<Target title="Debug">
				<Option output="bin/Debug/MotorBaseDatos" prefix_auto="1" extension_auto="1" />
				<Option object_output="obj/Debug/" />
				<Option type="1" />
				<Option compiler="gcc" />
				<Compiler>
					<Add option="-g" />
				</Compiler>
			</Target>
			<Target title="Release">
				<Option output="bin/Release/MotorBaseDatos" prefix_auto="1" extension_auto="1" />
				<Option object_output="obj/Release/" />
				<Option type="1" />
				<Option compiler="gcc" />
				<Compiler>
					<Add option="-O2" />
				</Compiler>
				<Linker>
					<Add option="-s" />
				</Linker>
			</Target>
		</Build>
		<Compiler>
			<Add option="-Wall" />
			<Add option="-fexceptions" />
		</Compiler>
		<Unit filename="MotorBaseDatos.cbp" />
		<Unit filename="MotorBaseDatos.depend" />
		<Unit filename="MotorBaseDatos.layout" />
		<Unit filename="bloque.cpp" />
		<Unit filename="bloque.h" />
		<Unit filename="bloquecampo.cpp" />
		<Unit filename="bloquecampo.h" />
		<Unit filename="bloqueregistro.cpp" />
		<Unit filename="bloqueregistro.h" />
		<Unit filename="bloquetablas.cpp" />
		<Unit filename="bloquetablas.h" />
		<Unit filename="campo.cpp" />
		<Unit filename="campo.h" />
		<Unit filename="campodatos.cpp" />
		<Unit filename="campodatos.h" />
		<Unit filename="datafile.cpp" />
		<Unit filename="datafile.h" />
		<Unit filename="datos.dat" />
		<Unit filename="main.cpp" />
		<Unit filename="masterbloque.cpp" />
		<Unit filename="masterbloque.h" />
		<Unit filename="mbloques.cpp" />
		<Unit filename="mbloques.h" />
		<Unit filename="mtablas.cpp" />
		<Unit filename="mtablas.h" />
		<Unit filename="registro.cpp" />
		<Unit filename="registro.h" />
		<Unit filename="tabla.cpp" />
		<Unit filename="tabla.h" />
		<Extensions>
			<code_completion />
			<envvars />
			<debugger />
			<lib_finder disable_auto="1" />
		</Extensions>
	</Project>
</CodeBlocks_project_file>
